
Microsoft Visual Studio Solution File, Format Version 12.00
# Visual Studio 2017
Project("{FAE04EC0-301F-11D3-BF4B-00C04F79EFBC}") = "SpicyTrades", "SpicyTrades.csproj", "{EF09D37A-3F6E-D5C2-2B18-9E67159D5687}"
EndProject
Project("{FAE04EC0-301F-11D3-BF4B-00C04F79EFBC}") = "SpicyTrades.Editor", "SpicyTrades.Editor.csproj", "{A648E6AB-C6AC-98EE-6460-57FCBF7F7A48}"
EndProject
Global
	GlobalSection(SolutionConfigurationPlatforms) = preSolution
		Debug|Any CPU = Debug|Any CPU
		Release|Any CPU = Release|Any CPU
	EndGlobalSection
	GlobalSection(ProjectConfigurationPlatforms) = postSolution
		{EF09D37A-3F6E-D5C2-2B18-9E67159D5687}.Debug|Any CPU.ActiveCfg = Debug|Any CPU
		{EF09D37A-3F6E-D5C2-2B18-9E67159D5687}.Debug|Any CPU.Build.0 = Debug|Any CPU
		{EF09D37A-3F6E-D5C2-2B18-9E67159D5687}.Release|Any CPU.ActiveCfg = Release|Any CPU
		{EF09D37A-3F6E-D5C2-2B18-9E67159D5687}.Release|Any CPU.Build.0 = Release|Any CPU
		{A648E6AB-C6AC-98EE-6460-57FCBF7F7A48}.Debug|Any CPU.ActiveCfg = Debug|Any CPU
		{A648E6AB-C6AC-98EE-6460-57FCBF7F7A48}.Debug|Any CPU.Build.0 = Debug|Any CPU
		{A648E6AB-C6AC-98EE-6460-57FCBF7F7A48}.Release|Any CPU.ActiveCfg = Release|Any CPU
		{A648E6AB-C6AC-98EE-6460-57FCBF7F7A48}.Release|Any CPU.Build.0 = Release|Any CPU
	EndGlobalSection
	GlobalSection(SolutionProperties) = preSolution
		HideSolutionNode = FALSE
	EndGlobalSection
EndGlobal
